Microsoft Visual Studio Solution File, Format Version 9.00
# Visual Studio 2005
Project("{F184B08F-C81C-45F6-A57F-5ABD9991F28F}") = "WebSample.Module", "WebSample.Module\WebSample.Module.vbproj", "{0359296B-1F12-48E5-A09E-C11D357D93CD}"
EndProject
Project("{F184B08F-C81C-45F6-A57F-5ABD9991F28F}") = "WebSample.Module.Web", "WebSample.Module.Web\WebSample.Module.Web.vbproj", "{EF7F4E8A-447F-46C8-9E00-18064E811B37}"
EndProject
Project("{00000000-0000-0000-0000-000000000000}") = "WebSample.Web", "WebSample.Web\WebSample.Web.vbproj", "{89487FC9-48E2-4C69-8139-4FFEDE4A8474}"
EndProject
Global
	GlobalSection(SolutionConfigurationPlatforms) = preSolution
		Debug|Any CPU = Debug|Any CPU
		Release|Any CPU = Release|Any CPU
	EndGlobalSection
	GlobalSection(ProjectConfigurationPlatforms) = postSolution
		{0359296B-1F12-48E5-A09E-C11D357D93CD}.Debug|Any CPU.ActiveCfg = Debug|Any CPU
		{0359296B-1F12-48E5-A09E-C11D357D93CD}.Debug|Any CPU.Build.0 = Debug|Any CPU
		{0359296B-1F12-48E5-A09E-C11D357D93CD}.Release|Any CPU.ActiveCfg = Release|Any CPU
		{0359296B-1F12-48E5-A09E-C11D357D93CD}.Release|Any CPU.Build.0 = Release|Any CPU
		{EF7F4E8A-447F-46C8-9E00-18064E811B37}.Debug|Any CPU.ActiveCfg = Debug|Any CPU
		{EF7F4E8A-447F-46C8-9E00-18064E811B37}.Debug|Any CPU.Build.0 = Debug|Any CPU
		{EF7F4E8A-447F-46C8-9E00-18064E811B37}.Release|Any CPU.ActiveCfg = Release|Any CPU
		{EF7F4E8A-447F-46C8-9E00-18064E811B37}.Release|Any CPU.Build.0 = Release|Any CPU
		{89487FC9-48E2-4C69-8139-4FFEDE4A8474}.Debug|Any CPU.ActiveCfg = Debug|Any CPU
		{89487FC9-48E2-4C69-8139-4FFEDE4A8474}.Debug|Any CPU.Build.0 = Debug|Any CPU
		{89487FC9-48E2-4C69-8139-4FFEDE4A8474}.Release|Any CPU.ActiveCfg = Release|Any CPU
		{89487FC9-48E2-4C69-8139-4FFEDE4A8474}.Release|Any CPU.Build.0 = Release|Any CPU
	EndGlobalSection
	GlobalSection(SolutionProperties) = preSolution
		HideSolutionNode = FALSE
	EndGlobalSection
EndGlobal
